# THIS IS AN AUTOGENERATED FILE. DO NOT EDIT THIS FILE DIRECTLY.
# yarn lockfile v1


long@^4.0.0:
  version "4.0.0"
  resolved "https://registry.npm.taobao.org/long/download/long-4.0.0.tgz#9a7b71cfb7d361a194ea555241c92f7468d5bf28"
  integrity sha1-mntxz7fTYaGU6lVSQckvdGjVvyg=

nan@^2.14.0:
  version "2.15.0"
  resolved "https://registry.nlark.com/nan/download/nan-2.15.0.tgz?cache=0&sync_timestamp=1628093719696&other_urls=https%3A%2F%2Fregistry.nlark.com%2Fnan%2Fdownload%2Fnan-2.15.0.tgz#3f34a473ff18e15c1b5626b62903b5ad6e665fee"
  integrity sha1-PzSkc/8Y4VwbVia2KQO1rW5mX+4=

node-kcp@^1.0.12:
  version "1.0.12"
  resolved "https://registry.npmmirror.com/node-kcp/download/node-kcp-1.0.12.tgz#e8725c45dfe37febcce423aadf3e1ff42c2aba5b"
  integrity sha1-6HJcRd/jf+vM5COq3z4f9Cwquls=
  dependencies:
    nan "^2.14.0"

quic@^0.4.2:
  version "0.4.2"
  resolved "https://registry.npmmirror.com/quic/download/quic-0.4.2.tgz#4578e6d033059115268c3c41b6f7a6f478d1ca54"
  integrity sha1-RXjm0DMFkRUmjDxBtvem9HjRylQ=
  dependencies:
    long "^4.0.0"

safe-buffer@~5.0.1:
  version "5.0.1"
  resolved "https://registry.nlark.com/safe-buffer/download/safe-buffer-5.0.1.tgz#d263ca54696cd8a306b5ca6551e92de57918fbe7"
  integrity sha1-0mPKVGls2KMGtcplUekt5XkY++c=

ultron@~1.1.0:
  version "1.1.1"
  resolved "https://registry.nlark.com/ultron/download/ultron-1.1.1.tgz#9fe1536a10a664a65266a1e3ccf85fd36302bc9c"
  integrity sha1-n+FTahCmZKZSZqHjzPhf02MCvJw=

ws@2.3.x:
  version "2.3.1"
  resolved "https://registry.npmmirror.com/ws/download/ws-2.3.1.tgz?cache=0&sync_timestamp=1633200103980&other_urls=https%3A%2F%2Fregistry.npmmirror.com%2Fws%2Fdownload%2Fws-2.3.1.tgz#6b94b3e447cb6a363f785eaf94af6359e8e81c80"
  integrity sha1-a5Sz5EfLajY/eF6vlK9jWejoHIA=
  dependencies:
    safe-buffer "~5.0.1"
    ultron "~1.1.0"
